
Microsoft Visual Studio Solution File, Format Version 12.00
# Visual Studio Version 16
VisualStudioVersion = 16.0.30717.126
MinimumVisualStudioVersion = 10.0.40219.1
Project("{9A19103F-16F7-4668-BE54-9A1E7A4F7556}") = "SearchFight.NetCoreApp", "SearchFight.NetCore\SearchFight.NetCoreApp.csproj", "{52C53328-3023-449E-8CED-E80C1259AD10}"
EndProject
Project("{FAE04EC0-301F-11D3-BF4B-00C04F79EFBC}") = "Unit.Testing", "Unit.Testing\Unit.Testing.csproj", "{B87B6807-EAB8-4602-B177-9DD4FDBC2298}"
EndProject
Global
	GlobalSection(SolutionConfigurationPlatforms) = preSolution
		Debug|Any CPU = Debug|Any CPU
		Release|Any CPU = Release|Any CPU
	EndGlobalSection
	GlobalSection(ProjectConfigurationPlatforms) = postSolution
		{52C53328-3023-449E-8CED-E80C1259AD10}.Debug|Any CPU.ActiveCfg = Debug|Any CPU
		{52C53328-3023-449E-8CED-E80C1259AD10}.Debug|Any CPU.Build.0 = Debug|Any CPU
		{52C53328-3023-449E-8CED-E80C1259AD10}.Release|Any CPU.ActiveCfg = Release|Any CPU
		{52C53328-3023-449E-8CED-E80C1259AD10}.Release|Any CPU.Build.0 = Release|Any CPU
		{B87B6807-EAB8-4602-B177-9DD4FDBC2298}.Debug|Any CPU.ActiveCfg = Debug|Any CPU
		{B87B6807-EAB8-4602-B177-9DD4FDBC2298}.Debug|Any CPU.Build.0 = Debug|Any CPU
		{B87B6807-EAB8-4602-B177-9DD4FDBC2298}.Release|Any CPU.ActiveCfg = Release|Any CPU
		{B87B6807-EAB8-4602-B177-9DD4FDBC2298}.Release|Any CPU.Build.0 = Release|Any CPU
	EndGlobalSection
	GlobalSection(SolutionProperties) = preSolution
		HideSolutionNode = FALSE
	EndGlobalSection
	GlobalSection(ExtensibilityGlobals) = postSolution
		SolutionGuid = {293E96EF-3209-48F5-9C07-C681A782A36B}
	EndGlobalSection
EndGlobal
